// !$*UTF8*$!
{
	archiveVersion = 1;
	classes = {
	};
	objectVersion = 90;
	objects = {

/* Begin PBXBuildFile section */
		68066C602E184A27009C91D3 /* Kingfisher in Frameworks */ = {isa = PBXBuildFile; productRef = 68066C5C2E184A27009C91D3 /* Kingfisher */; };
		68F5AD352DF6D0550028F800 /* Kingfisher in Frameworks */ = {isa = PBXBuildFile; productRef = 68F5AD342DF6D0550028F800 /* Kingfisher */; };
/* End PBXBuildFile section */

/* Begin PBXFileReference section */
		68066C652E184A27009C91D3 /* SwiftMovieDB SUI.app */ = {isa = PBXFileReference; explicitFileType = wrapper.application; includeInIndex = 0; path = "SwiftMovieDB SUI.app"; sourceTree = BUILT_PRODUCTS_DIR; };
		68F5AC822DF6B4540028F800 /* SwiftMovieDB UIKit.app */ = {isa = PBXFileReference; explicitFileType = wrapper.application; includeInIndex = 0; path = "SwiftMovieDB UIKit.app"; sourceTree = BUILT_PRODUCTS_DIR; };
/* End PBXFileReference section */

/* Begin PBXFileSystemSynchronizedBuildFileExceptionSet section */
		68066C662E184A27009C91D3 /* Exceptions for "SwiftMovieDB" folder in "SwiftMovieDB SUI" target */ = {
			isa = PBXFileSystemSynchronizedBuildFileExceptionSet;
			membershipExceptions = (
				"/Localized: View/UIKit/Storyboards/LaunchScreen.storyboard",
				"/Localized: View/UIKit/Storyboards/Main.storyboard",
				AppDelegate.swift,
				Info.plist,
				InfoSUI.plist,
				SceneDelegate.swift,
				View/UIKit/Components/MovieCell.swift,
				View/UIKit/Components/UIBackgroundedButton.swift,
				View/UIKit/Detail/MovieVC.swift,
				View/UIKit/Detail/MovieVM.swift,
				View/UIKit/MainVC.swift,
				View/UIKit/MovieListVC.swift,
				View/UIKit/MovieViewModel.swift,
			);
			target = 68066C5B2E184A27009C91D3 /* SwiftMovieDB SUI */;
		};
		68F5AC942DF6B4550028F800 /* Exceptions for "SwiftMovieDB" folder in "SwiftMovieDB UIKit" target */ = {
			isa = PBXFileSystemSynchronizedBuildFileExceptionSet;
			membershipExceptions = (
				Info.plist,
				InfoSUI.plist,
				SwiftMovieDB.swift,
				View/SwiftUI/MainView.swift,
			);
			target = 68F5AC812DF6B4540028F800 /* SwiftMovieDB UIKit */;
		};
/* End PBXFileSystemSynchronizedBuildFileExceptionSet section */

/* Begin PBXFileSystemSynchronizedRootGroup section */
		68F5AC842DF6B4540028F800 /* SwiftMovieDB */ = {
			isa = PBXFileSystemSynchronizedRootGroup;
			exceptions = (
				68F5AC942DF6B4550028F800 /* Exceptions for "SwiftMovieDB" folder in "SwiftMovieDB UIKit" target */,
				68066C662E184A27009C91D3 /* Exceptions for "SwiftMovieDB" folder in "SwiftMovieDB SUI" target */,
			);
			path = SwiftMovieDB;
			sourceTree = "<group>";
		};
/* End PBXFileSystemSynchronizedRootGroup section */

/* Begin PBXFrameworksBuildPhase section */
		68066C5F2E184A27009C91D3 /* Frameworks */ = {
			isa = PBXFrameworksBuildPhase;
			files = (
				68066C602E184A27009C91D3 /* Kingfisher in Frameworks */,
			);
		};
		68F5AC7F2DF6B4540028F800 /* Frameworks */ = {
			isa = PBXFrameworksBuildPhase;
			files = (
				68F5AD352DF6D0550028F800 /* Kingfisher in Frameworks */,
			);
		};
/* End PBXFrameworksBuildPhase section */

/* Begin PBXGroup section */
		68F5AC792DF6B4540028F800 = {
			isa = PBXGroup;
			children = (
				68F5AC842DF6B4540028F800 /* SwiftMovieDB */,
				68F5AC832DF6B4540028F800 /* Products */,
			);
			sourceTree = "<group>";
		};
		68F5AC832DF6B4540028F800 /* Products */ = {
			isa = PBXGroup;
			children = (
				68F5AC822DF6B4540028F800 /* SwiftMovieDB UIKit.app */,
				68066C652E184A27009C91D3 /* SwiftMovieDB SUI.app */,
			);
			name = Products;
			sourceTree = "<group>";
		};
/* End PBXGroup section */

/* Begin PBXNativeTarget section */
		68066C5B2E184A27009C91D3 /* SwiftMovieDB SUI */ = {
			isa = PBXNativeTarget;
			buildConfigurationList = 68066C622E184A27009C91D3 /* Build configuration list for PBXNativeTarget "SwiftMovieDB SUI" */;
			buildPhases = (
				68066C5E2E184A27009C91D3 /* Sources */,
				68066C5F2E184A27009C91D3 /* Frameworks */,
				68066C612E184A27009C91D3 /* Resources */,
			);
			buildRules = (
			);
			fileSystemSynchronizedGroups = (
				68F5AC842DF6B4540028F800 /* SwiftMovieDB */,
			);
			name = "SwiftMovieDB SUI";
			packageProductDependencies = (
				68066C5C2E184A27009C91D3 /* Kingfisher */,
			);
			productName = SwiftMovieDB;
			productReference = 68066C652E184A27009C91D3 /* SwiftMovieDB SUI.app */;
			productType = "com.apple.product-type.application";
		};
		68F5AC812DF6B4540028F800 /* SwiftMovieDB UIKit */ = {
			isa = PBXNativeTarget;
			buildConfigurationList = 68F5AC952DF6B4550028F800 /* Build configuration list for PBXNativeTarget "SwiftMovieDB UIKit" */;
			buildPhases = (
				68F5AC7E2DF6B4540028F800 /* Sources */,
				68F5AC7F2DF6B4540028F800 /* Frameworks */,
				68F5AC802DF6B4540028F800 /* Resources */,
			);
			buildRules = (
			);
			fileSystemSynchronizedGroups = (
				68F5AC842DF6B4540028F800 /* SwiftMovieDB */,
			);
			name = "SwiftMovieDB UIKit";
			packageProductDependencies = (
				68F5AD342DF6D0550028F800 /* Kingfisher */,
			);
			productName = SwiftMovieDB;
			productReference = 68F5AC822DF6B4540028F800 /* SwiftMovieDB UIKit.app */;
			productType = "com.apple.product-type.application";
		};
/* End PBXNativeTarget section */

/* Begin PBXProject section */
		68F5AC7A2DF6B4540028F800 /* Project object */ = {
			isa = PBXProject;
			attributes = {
				BuildIndependentTargetsInParallel = 1;
				LastSwiftUpdateCheck = 1640;
				LastUpgradeCheck = 2600;
				TargetAttributes = {
					68F5AC812DF6B4540028F800 = {
						CreatedOnToolsVersion = 16.4;
					};
				};
			};
			buildConfigurationList = 68F5AC7D2DF6B4540028F800 /* Build configuration list for PBXProject "SwiftMovieDB" */;
			developmentRegion = en;
			hasScannedForEncodings = 0;
			knownRegions = (
				en,
				Base,
			);
			mainGroup = 68F5AC792DF6B4540028F800;
			minimizedProjectReferenceProxies = 1;
			packageReferences = (
				68F5AD332DF6D0550028F800 /* XCRemoteSwiftPackageReference "Kingfisher" */,
			);
			preferredProjectObjectVersion = 90;
			productRefGroup = 68F5AC832DF6B4540028F800 /* Products */;
			projectDirPath = "";
			projectRoot = "";
			targets = (
				68F5AC812DF6B4540028F800 /* SwiftMovieDB UIKit */,
				68066C5B2E184A27009C91D3 /* SwiftMovieDB SUI */,
			);
		};
/* End PBXProject section */

/* Begin PBXResourcesBuildPhase section */
		68066C612E184A27009C91D3 /* Resources */ = {
			isa = PBXResourcesBuildPhase;
			files = (
			);
		};
		68F5AC802DF6B4540028F800 /* Resources */ = {
			isa = PBXResourcesBuildPhase;
			files = (
			);
		};
/* End PBXResourcesBuildPhase section */

/* Begin PBXSourcesBuildPhase section */
		68066C5E2E184A27009C91D3 /* Sources */ = {
			isa = PBXSourcesBuildPhase;
			files = (
			);
		};
		68F5AC7E2DF6B4540028F800 /* Sources */ = {
			isa = PBXSourcesBuildPhase;
			files = (
			);
		};
/* End PBXSourcesBuildPhase section */

/* Begin XCBuildConfiguration section */
		68066C632E184A27009C91D3 /* Debug configuration for PBXNativeTarget "SwiftMovieDB SUI" */ = {
			isa = XCBuildConfiguration;
			buildSettings = {
				ASSETCATALOG_COMPILER_APPICON_NAME = AppIcon;
				ASSETCATALOG_COMPILER_GLOBAL_ACCENT_COLOR_NAME = AccentColor;
				CODE_SIGN_STYLE = Automatic;
				CURRENT_PROJECT_VERSION = 1;
				DEVELOPMENT_TEAM = AFNBPBD3C5;
				GENERATE_INFOPLIST_FILE = YES;
				INFOPLIST_FILE = SwiftMovieDB/InfoSUI.plist;
				INFOPLIST_KEY_CFBundleDisplayName = "MovieDB SUI";
				INFOPLIST_KEY_ITSAppUsesNonExemptEncryption = NO;
				INFOPLIST_KEY_UIApplicationSupportsIndirectInputEvents = YES;
				INFOPLIST_KEY_UILaunchStoryboardName = LaunchScreen;
				INFOPLIST_KEY_UISupportedInterfaceOrientations = "UIInterfaceOrientationPortrait UIInterfaceOrientationPortraitUpsideDown";
				INFOPLIST_KEY_UISupportedInterfaceOrientations_iPad = "UIInterfaceOrientationLandscapeLeft UIInterfaceOrientationLandscapeRight UIInterfaceOrientationPortrait UIInterfaceOrientationPortraitUpsideDown";
				IPHONEOS_DEPLOYMENT_TARGET = 17.0;
				LD_RUNPATH_SEARCH_PATHS = (
					"$(inherited)",
					"@executable_path/Frameworks",
				);
				MARKETING_VERSION = 0.1;
				PRODUCT_BUNDLE_IDENTIFIER = net.cloudfields.SwiftMovieDB.sui;
				PRODUCT_NAME = "$(TARGET_NAME)";
				SUPPORTED_PLATFORMS = "iphoneos iphonesimulator";
				SUPPORTS_MACCATALYST = NO;
				SUPPORTS_MAC_DESIGNED_FOR_IPHONE_IPAD = NO;
				SUPPORTS_XR_DESIGNED_FOR_IPHONE_IPAD = NO;
				SWIFT_EMIT_LOC_STRINGS = YES;
				SWIFT_VERSION = 6.0;
				TARGETED_DEVICE_FAMILY = 1;
			};
			name = Debug;
		};
		68066C642E184A27009C91D3 /* Release configuration for PBXNativeTarget "SwiftMovieDB SUI" */ = {
			isa = XCBuildConfiguration;
			buildSettings = {
				ASSETCATALOG_COMPILER_APPICON_NAME = AppIcon;
				ASSETCATALOG_COMPILER_GLOBAL_ACCENT_COLOR_NAME = AccentColor;
				CODE_SIGN_STYLE = Automatic;
				CURRENT_PROJECT_VERSION = 1;
				DEVELOPMENT_TEAM = AFNBPBD3C5;
				GENERATE_INFOPLIST_FILE = YES;
				INFOPLIST_FILE = SwiftMovieDB/InfoSUI.plist;
				INFOPLIST_KEY_CFBundleDisplayName = "MovieDB SUI";
				INFOPLIST_KEY_ITSAppUsesNonExemptEncryption = NO;
				INFOPLIST_KEY_UIApplicationSupportsIndirectInputEvents = YES;
				INFOPLIST_KEY_UILaunchStoryboardName = LaunchScreen;
				INFOPLIST_KEY_UISupportedInterfaceOrientations = "UIInterfaceOrientationPortrait UIInterfaceOrientationPortraitUpsideDown";
				INFOPLIST_KEY_UISupportedInterfaceOrientations_iPad = "UIInterfaceOrientationLandscapeLeft UIInterfaceOrientationLandscapeRight UIInterfaceOrientationPortrait UIInterfaceOrientationPortraitUpsideDown";
				IPHONEOS_DEPLOYMENT_TARGET = 17.0;
				LD_RUNPATH_SEARCH_PATHS = (
					"$(inherited)",
					"@executable_path/Frameworks",
				);
				MARKETING_VERSION = 0.1;
				PRODUCT_BUNDLE_IDENTIFIER = net.cloudfields.SwiftMovieDB.sui;
				PRODUCT_NAME = "$(TARGET_NAME)";
				SUPPORTED_PLATFORMS = "iphoneos iphonesimulator";
				SUPPORTS_MACCATALYST = NO;
				SUPPORTS_MAC_DESIGNED_FOR_IPHONE_IPAD = NO;
				SUPPORTS_XR_DESIGNED_FOR_IPHONE_IPAD = NO;
				SWIFT_EMIT_LOC_STRINGS = YES;
				SWIFT_VERSION = 6.0;
				TARGETED_DEVICE_FAMILY = 1;
			};
			name = Release;
		};
		68F5AC962DF6B4550028F800 /* Debug configuration for PBXNativeTarget "SwiftMovieDB UIKit" */ = {
			isa = XCBuildConfiguration;
			buildSettings = {
				ASSETCATALOG_COMPILER_APPICON_NAME = AppIcon;
				ASSETCATALOG_COMPILER_GLOBAL_ACCENT_COLOR_NAME = AccentColor;
				CODE_SIGN_STYLE = Automatic;
				CURRENT_PROJECT_VERSION = 1;
				DEVELOPMENT_TEAM = AFNBPBD3C5;
				GENERATE_INFOPLIST_FILE = YES;
				INFOPLIST_FILE = SwiftMovieDB/Info.plist;
				INFOPLIST_KEY_CFBundleDisplayName = "MovieDB UIKit";
				INFOPLIST_KEY_ITSAppUsesNonExemptEncryption = NO;
				INFOPLIST_KEY_UIApplicationSupportsIndirectInputEvents = YES;
				INFOPLIST_KEY_UILaunchStoryboardName = LaunchScreen;
				INFOPLIST_KEY_UIMainStoryboardFile = Main;
				INFOPLIST_KEY_UISupportedInterfaceOrientations = "UIInterfaceOrientationPortrait UIInterfaceOrientationPortraitUpsideDown";
				INFOPLIST_KEY_UISupportedInterfaceOrientations_iPad = "UIInterfaceOrientationLandscapeLeft UIInterfaceOrientationLandscapeRight UIInterfaceOrientationPortrait UIInterfaceOrientationPortraitUpsideDown";
				IPHONEOS_DEPLOYMENT_TARGET = 17.0;
				LD_RUNPATH_SEARCH_PATHS = (
					"$(inherited)",
					"@executable_path/Frameworks",
				);
				MARKETING_VERSION = 0.1;
				PRODUCT_BUNDLE_IDENTIFIER = net.cloudfields.SwiftMovieDB;
				PRODUCT_NAME = "$(TARGET_NAME)";
				SUPPORTED_PLATFORMS = "iphoneos iphonesimulator";
				SUPPORTS_MACCATALYST = NO;
				SUPPORTS_MAC_DESIGNED_FOR_IPHONE_IPAD = NO;
				SUPPORTS_XR_DESIGNED_FOR_IPHONE_IPAD = NO;
				SWIFT_EMIT_LOC_STRINGS = YES;
				SWIFT_VERSION = 6.0;
				TARGETED_DEVICE_FAMILY = 1;
			};
			name = Debug;
		};
		68F5AC972DF6B4550028F800 /* Release configuration for PBXNativeTarget "SwiftMovieDB UIKit" */ = {
			isa = XCBuildConfiguration;
			buildSettings = {
				ASSETCATALOG_COMPILER_APPICON_NAME = AppIcon;
				ASSETCATALOG_COMPILER_GLOBAL_ACCENT_COLOR_NAME = AccentColor;
				CODE_SIGN_STYLE = Automatic;
				CURRENT_PROJECT_VERSION = 1;
				DEVELOPMENT_TEAM = AFNBPBD3C5;
				GENERATE_INFOPLIST_FILE = YES;
				INFOPLIST_FILE = SwiftMovieDB/Info.plist;
				INFOPLIST_KEY_CFBundleDisplayName = "MovieDB UIKit";
				INFOPLIST_KEY_ITSAppUsesNonExemptEncryption = NO;
				INFOPLIST_KEY_UIApplicationSupportsIndirectInputEvents = YES;
				INFOPLIST_KEY_UILaunchStoryboardName = LaunchScreen;
				INFOPLIST_KEY_UIMainStoryboardFile = Main;
				INFOPLIST_KEY_UISupportedInterfaceOrientations = "UIInterfaceOrientationPortrait UIInterfaceOrientationPortraitUpsideDown";
				INFOPLIST_KEY_UISupportedInterfaceOrientations_iPad = "UIInterfaceOrientationLandscapeLeft UIInterfaceOrientationLandscapeRight UIInterfaceOrientationPortrait UIInterfaceOrientationPortraitUpsideDown";
				IPHONEOS_DEPLOYMENT_TARGET = 17.0;
				LD_RUNPATH_SEARCH_PATHS = (
					"$(inherited)",
					"@executable_path/Frameworks",
				);
				MARKETING_VERSION = 0.1;
				PRODUCT_BUNDLE_IDENTIFIER = net.cloudfields.SwiftMovieDB;
				PRODUCT_NAME = "$(TARGET_NAME)";
				SUPPORTED_PLATFORMS = "iphoneos iphonesimulator";
				SUPPORTS_MACCATALYST = NO;
				SUPPORTS_MAC_DESIGNED_FOR_IPHONE_IPAD = NO;
				SUPPORTS_XR_DESIGNED_FOR_IPHONE_IPAD = NO;
				SWIFT_EMIT_LOC_STRINGS = YES;
				SWIFT_VERSION = 6.0;
				TARGETED_DEVICE_FAMILY = 1;
			};
			name = Release;
		};
		68F5AC982DF6B4550028F800 /* Debug configuration for PBXProject "SwiftMovieDB" */ = {
			isa = XCBuildConfiguration;
			buildSettings = {
				ALWAYS_SEARCH_USER_PATHS = NO;
				ASSETCATALOG_COMPILER_GENERATE_SWIFT_ASSET_SYMBOL_EXTENSIONS = YES;
				CLANG_ANALYZER_NONNULL = YES;
				CLANG_ANALYZER_NUMBER_OBJECT_CONVERSION = YES_AGGRESSIVE;
				CLANG_CXX_LANGUAGE_STANDARD = "gnu++20";
				CLANG_ENABLE_MODULES = YES;
				CLANG_ENABLE_OBJC_ARC = YES;
				CLANG_ENABLE_OBJC_WEAK = YES;
				CLANG_WARN_BLOCK_CAPTURE_AUTORELEASING = YES;
				CLANG_WARN_BOOL_CONVERSION = YES;
				CLANG_WARN_COMMA = YES;
				CLANG_WARN_CONSTANT_CONVERSION = YES;
				CLANG_WARN_DEPRECATED_OBJC_IMPLEMENTATIONS = YES;
				CLANG_WARN_DIRECT_OBJC_ISA_USAGE = YES_ERROR;
				CLANG_WARN_DOCUMENTATION_COMMENTS = YES;
				CLANG_WARN_EMPTY_BODY = YES;
				CLANG_WARN_ENUM_CONVERSION = YES;
				CLANG_WARN_INFINITE_RECURSION = YES;
				CLANG_WARN_INT_CONVERSION = YES;
				CLANG_WARN_NON_LITERAL_NULL_CONVERSION = YES;
				CLANG_WARN_OBJC_IMPLICIT_RETAIN_SELF = YES;
				CLANG_WARN_OBJC_LITERAL_CONVERSION = YES;
				CLANG_WARN_OBJC_ROOT_CLASS = YES_ERROR;
				CLANG_WARN_QUOTED_INCLUDE_IN_FRAMEWORK_HEADER = YES;
				CLANG_WARN_RANGE_LOOP_ANALYSIS = YES;
				CLANG_WARN_STRICT_PROTOTYPES = YES;
				CLANG_WARN_SUSPICIOUS_MOVE = YES;
				CLANG_WARN_UNGUARDED_AVAILABILITY = YES_AGGRESSIVE;
				CLANG_WARN_UNREACHABLE_CODE = YES;
				CLANG_WARN__DUPLICATE_METHOD_MATCH = YES;
				COPY_PHASE_STRIP = NO;
				DEBUG_INFORMATION_FORMAT = dwarf;
				DEVELOPMENT_TEAM = AFNBPBD3C5;
				ENABLE_STRICT_OBJC_MSGSEND = YES;
				ENABLE_TESTABILITY = YES;
				ENABLE_USER_SCRIPT_SANDBOXING = YES;
				GCC_C_LANGUAGE_STANDARD = gnu17;
				GCC_DYNAMIC_NO_PIC = NO;
				GCC_NO_COMMON_BLOCKS = YES;
				GCC_OPTIMIZATION_LEVEL = 0;
				GCC_PREPROCESSOR_DEFINITIONS = (
					"DEBUG=1",
					"$(inherited)",
				);
				GCC_WARN_64_TO_32_BIT_CONVERSION = YES;
				GCC_WARN_ABOUT_RETURN_TYPE = YES_ERROR;
				GCC_WARN_UNDECLARED_SELECTOR = YES;
				GCC_WARN_UNINITIALIZED_AUTOS = YES_AGGRESSIVE;
				GCC_WARN_UNUSED_FUNCTION = YES;
				GCC_WARN_UNUSED_VARIABLE = YES;
				IPHONEOS_DEPLOYMENT_TARGET = 18.5;
				LOCALIZATION_PREFERS_STRING_CATALOGS = YES;
				MTL_ENABLE_DEBUG_INFO = INCLUDE_SOURCE;
				MTL_FAST_MATH = YES;
				ONLY_ACTIVE_ARCH = YES;
				SDKROOT = iphoneos;
				STRING_CATALOG_GENERATE_SYMBOLS = YES;
				SWIFT_ACTIVE_COMPILATION_CONDITIONS = "DEBUG $(inherited)";
				SWIFT_OPTIMIZATION_LEVEL = "-Onone";
			};
			name = Debug;
		};
		68F5AC992DF6B4550028F800 /* Release configuration for PBXProject "SwiftMovieDB" */ = {
			isa = XCBuildConfiguration;
			buildSettings = {
				ALWAYS_SEARCH_USER_PATHS = NO;
				ASSETCATALOG_COMPILER_GENERATE_SWIFT_ASSET_SYMBOL_EXTENSIONS = YES;
				CLANG_ANALYZER_NONNULL = YES;
				CLANG_ANALYZER_NUMBER_OBJECT_CONVERSION = YES_AGGRESSIVE;
				CLANG_CXX_LANGUAGE_STANDARD = "gnu++20";
				CLANG_ENABLE_MODULES = YES;
				CLANG_ENABLE_OBJC_ARC = YES;
				CLANG_ENABLE_OBJC_WEAK = YES;
				CLANG_WARN_BLOCK_CAPTURE_AUTORELEASING = YES;
				CLANG_WARN_BOOL_CONVERSION = YES;
				CLANG_WARN_COMMA = YES;
				CLANG_WARN_CONSTANT_CONVERSION = YES;
				CLANG_WARN_DEPRECATED_OBJC_IMPLEMENTATIONS = YES;
				CLANG_WARN_DIRECT_OBJC_ISA_USAGE = YES_ERROR;
				CLANG_WARN_DOCUMENTATION_COMMENTS = YES;
				CLANG_WARN_EMPTY_BODY = YES;
				CLANG_WARN_ENUM_CONVERSION = YES;
				CLANG_WARN_INFINITE_RECURSION = YES;
				CLANG_WARN_INT_CONVERSION = YES;
				CLANG_WARN_NON_LITERAL_NULL_CONVERSION = YES;
				CLANG_WARN_OBJC_IMPLICIT_RETAIN_SELF = YES;
				CLANG_WARN_OBJC_LITERAL_CONVERSION = YES;
				CLANG_WARN_OBJC_ROOT_CLASS = YES_ERROR;
				CLANG_WARN_QUOTED_INCLUDE_IN_FRAMEWORK_HEADER = YES;
				CLANG_WARN_RANGE_LOOP_ANALYSIS = YES;
				CLANG_WARN_STRICT_PROTOTYPES = YES;
				CLANG_WARN_SUSPICIOUS_MOVE = YES;
				CLANG_WARN_UNGUARDED_AVAILABILITY = YES_AGGRESSIVE;
				CLANG_WARN_UNREACHABLE_CODE = YES;
				CLANG_WARN__DUPLICATE_METHOD_MATCH = YES;
				COPY_PHASE_STRIP = NO;
				DEBUG_INFORMATION_FORMAT = "dwarf-with-dsym";
				DEVELOPMENT_TEAM = AFNBPBD3C5;
				ENABLE_NS_ASSERTIONS = NO;
				ENABLE_STRICT_OBJC_MSGSEND = YES;
				ENABLE_USER_SCRIPT_SANDBOXING = YES;
				GCC_C_LANGUAGE_STANDARD = gnu17;
				GCC_NO_COMMON_BLOCKS = YES;
				GCC_WARN_64_TO_32_BIT_CONVERSION = YES;
				GCC_WARN_ABOUT_RETURN_TYPE = YES_ERROR;
				GCC_WARN_UNDECLARED_SELECTOR = YES;
				GCC_WARN_UNINITIALIZED_AUTOS = YES_AGGRESSIVE;
				GCC_WARN_UNUSED_FUNCTION = YES;
				GCC_WARN_UNUSED_VARIABLE = YES;
				IPHONEOS_DEPLOYMENT_TARGET = 18.5;
				LOCALIZATION_PREFERS_STRING_CATALOGS = YES;
				MTL_ENABLE_DEBUG_INFO = NO;
				MTL_FAST_MATH = YES;
				SDKROOT = iphoneos;
				STRING_CATALOG_GENERATE_SYMBOLS = YES;
				SWIFT_COMPILATION_MODE = wholemodule;
				VALIDATE_PRODUCT = YES;
			};
			name = Release;
		};
/* End XCBuildConfiguration section */

/* Begin XCConfigurationList section */
		68066C622E184A27009C91D3 /* Build configuration list for PBXNativeTarget "SwiftMovieDB SUI" */ = {
			isa = XCConfigurationList;
			buildConfigurations = (
				68066C632E184A27009C91D3 /* Debug configuration for PBXNativeTarget "SwiftMovieDB SUI" */,
				68066C642E184A27009C91D3 /* Release configuration for PBXNativeTarget "SwiftMovieDB SUI" */,
			);
			defaultConfigurationName = Release;
		};
		68F5AC7D2DF6B4540028F800 /* Build configuration list for PBXProject "SwiftMovieDB" */ = {
			isa = XCConfigurationList;
			buildConfigurations = (
				68F5AC982DF6B4550028F800 /* Debug configuration for PBXProject "SwiftMovieDB" */,
				68F5AC992DF6B4550028F800 /* Release configuration for PBXProject "SwiftMovieDB" */,
			);
			defaultConfigurationName = Release;
		};
		68F5AC952DF6B4550028F800 /* Build configuration list for PBXNativeTarget "SwiftMovieDB UIKit" */ = {
			isa = XCConfigurationList;
			buildConfigurations = (
				68F5AC962DF6B4550028F800 /* Debug configuration for PBXNativeTarget "SwiftMovieDB UIKit" */,
				68F5AC972DF6B4550028F800 /* Release configuration for PBXNativeTarget "SwiftMovieDB UIKit" */,
			);
			defaultConfigurationName = Release;
		};
/* End XCConfigurationList section */

/* Begin XCRemoteSwiftPackageReference section */
		68066C5D2E184A27009C91D3 /* XCRemoteSwiftPackageReference "Kingfisher" */ = {
			isa = XCRemoteSwiftPackageReference;
			repositoryURL = "https://github.com/onevcat/Kingfisher.git";
			requirement = {
				kind = upToNextMajorVersion;
				minimumVersion = 8.3.2;
			};
		};
		68F5AD332DF6D0550028F800 /* XCRemoteSwiftPackageReference "Kingfisher" */ = {
			isa = XCRemoteSwiftPackageReference;
			repositoryURL = "https://github.com/onevcat/Kingfisher.git";
			requirement = {
				kind = upToNextMajorVersion;
				minimumVersion = 8.3.2;
			};
		};
/* End XCRemoteSwiftPackageReference section */

/* Begin XCSwiftPackageProductDependency section */
		68066C5C2E184A27009C91D3 /* Kingfisher */ = {
			isa = XCSwiftPackageProductDependency;
			package = 68066C5D2E184A27009C91D3 /* XCRemoteSwiftPackageReference "Kingfisher" */;
			productName = Kingfisher;
		};
		68F5AD342DF6D0550028F800 /* Kingfisher */ = {
			isa = XCSwiftPackageProductDependency;
			package = 68F5AD332DF6D0550028F800 /* XCRemoteSwiftPackageReference "Kingfisher" */;
			productName = Kingfisher;
		};
/* End XCSwiftPackageProductDependency section */
	};
	rootObject = 68F5AC7A2DF6B4540028F800 /* Project object */;
}
